{
  "name": "app-bridge",
  "version": "1.0.0",
  "lockfileVersion": 3,
  "requires": true,
  "packages": {
    "": {
      "name": "app-bridge",
      "version": "1.0.0",
      "license": "ISC",
      "devDependencies": {
        "@shopify/app-bridge-types": "^0.5.3"
      }
    },
    "node_modules/@shopify/app-bridge-types": {
      "version": "0.5.3",
      "resolved": "https://registry.npmjs.org/@shopify/app-bridge-types/-/app-bridge-types-0.5.3.tgz",
      "integrity": "sha512-wj5pPqk4bQsFU6AQUo6SwyQ3zqBgodvxt7fWzRYakeHGG/YWeDv1uoNYjhSVm0jT80Wy18EObSMQTocUSgpqPA==",
      "dev": true,
      "license": "ISC",
      "dependencies": {
        "@standard-schema/spec": "^1.0.0"
      }
    },
    "node_modules/@standard-schema/spec": {
      "version": "1.0.0",
      "resolved": "https://registry.npmjs.org/@standard-schema/spec/-/spec-1.0.0.tgz",
      "integrity": "sha512-m2bOd0f2RT9k8QJx1JN85cZYyH1RqFBdlwtkSlf4tBDYLCiiZnv1fIIwacK6cqwXavOydf0NPToMQgpKq+dVlA==",
      "dev": true,
      "license": "MIT"
    }
  }
}
